
Microsoft Visual Studio Solution File, Format Version 12.00
# Visual Studio 15
VisualStudioVersion = 15.0.28307.645
MinimumVisualStudioVersion = 10.0.40219.1
Project("{FAE04EC0-301F-11D3-BF4B-00C04F79EFBC}") = "TechAcadFinalProjectCodeFirstEF", "TechAcadFinalProjectCodeFirstEF\TechAcadFinalProjectCodeFirstEF.csproj", "{659C3E3E-F064-4D55-ABE2-0059892EDBDE}"
EndProject
Global
	GlobalSection(SolutionConfigurationPlatforms) = preSolution
		Debug|Any CPU = Debug|Any CPU
		Release|Any CPU = Release|Any CPU
	EndGlobalSection
	GlobalSection(ProjectConfigurationPlatforms) = postSolution
		{659C3E3E-F064-4D55-ABE2-0059892EDBDE}.Debug|Any CPU.ActiveCfg = Debug|Any CPU
		{659C3E3E-F064-4D55-ABE2-0059892EDBDE}.Debug|Any CPU.Build.0 = Debug|Any CPU
		{659C3E3E-F064-4D55-ABE2-0059892EDBDE}.Release|Any CPU.ActiveCfg = Release|Any CPU
		{659C3E3E-F064-4D55-ABE2-0059892EDBDE}.Release|Any CPU.Build.0 = Release|Any CPU
	EndGlobalSection
	GlobalSection(SolutionProperties) = preSolution
		HideSolutionNode = FALSE
	EndGlobalSection
	GlobalSection(ExtensibilityGlobals) = postSolution
		SolutionGuid = {367DA511-AE15-4199-8B0F-8C68CDA5907D}
	EndGlobalSection
EndGlobal
